
Microsoft Visual Studio Solution File, Format Version 12.00
# Visual Studio Version 17
VisualStudioVersion = 17.0.31919.166
MinimumVisualStudioVersion = 10.0.40219.1
Project("{FAE04EC0-301F-11D3-BF4B-00C04F79EFBC}") = "lift", "lift\lift.csproj", "{DAB48613-01DE-4D3F-8352-7FF20764DC45}"
EndProject
Global
	GlobalSection(SolutionConfigurationPlatforms) = preSolution
		Debug|Any CPU = Debug|Any CPU
		Release|Any CPU = Release|Any CPU
	EndGlobalSection
	GlobalSection(ProjectConfigurationPlatforms) = postSolution
		{DAB48613-01DE-4D3F-8352-7FF20764DC45}.Debug|Any CPU.ActiveCfg = Debug|Any CPU
		{DAB48613-01DE-4D3F-8352-7FF20764DC45}.Debug|Any CPU.Build.0 = Debug|Any CPU
		{DAB48613-01DE-4D3F-8352-7FF20764DC45}.Release|Any CPU.ActiveCfg = Release|Any CPU
		{DAB48613-01DE-4D3F-8352-7FF20764DC45}.Release|Any CPU.Build.0 = Release|Any CPU
	EndGlobalSection
	GlobalSection(SolutionProperties) = preSolution
		HideSolutionNode = FALSE
	EndGlobalSection
	GlobalSection(ExtensibilityGlobals) = postSolution
		SolutionGuid = {A9885318-7724-4B90-AD50-9F905822BF5C}
	EndGlobalSection
EndGlobal
